// !$*UTF8*$!
{
	archiveVersion = 1;
	classes = {
	};
	objectVersion = 52;
	objects = {

/* Begin PBXBuildFile section */
		3618A04F25E4EA750073BB8E /* SDSOutlineViewExampleApp.swift in Sources */ = {isa = PBXBuildFile; fileRef = 3618A04E25E4EA750073BB8E /* SDSOutlineViewExampleApp.swift */; };
		3618A05125E4EA750073BB8E /* ContentView.swift in Sources */ = {isa = PBXBuildFile; fileRef = 3618A05025E4EA750073BB8E /* ContentView.swift */; };
		3618A05325E4EA7F0073BB8E /* Assets.xcassets in Resources */ = {isa = PBXBuildFile; fileRef = 3618A05225E4EA7F0073BB8E /* Assets.xcassets */; };
		3618A05625E4EA7F0073BB8E /* Preview Assets.xcassets in Resources */ = {isa = PBXBuildFile; fileRef = 3618A05525E4EA7F0073BB8E /* Preview Assets.xcassets */; };
		3618A06025E4EAFF0073BB8E /* SDSOutlineView.swift in Sources */ = {isa = PBXBuildFile; fileRef = 3618A05F25E4EAFF0073BB8E /* SDSOutlineView.swift */; };
		3618A06825E4F14D0073BB8E /* SwiftUIDebugUtil in Frameworks */ = {isa = PBXBuildFile; productRef = 3618A06725E4F14D0073BB8E /* SwiftUIDebugUtil */; };
/* End PBXBuildFile section */

/* Begin PBXFileReference section */
		3618A04B25E4EA750073BB8E /* SDSOutlineViewExample.app */ = {isa = PBXFileReference; explicitFileType = wrapper.application; includeInIndex = 0; path = SDSOutlineViewExample.app; sourceTree = BUILT_PRODUCTS_DIR; };
		3618A04E25E4EA750073BB8E /* SDSOutlineViewExampleApp.swift */ = {isa = PBXFileReference; lastKnownFileType = sourcecode.swift; path = SDSOutlineViewExampleApp.swift; sourceTree = "<group>"; };
		3618A05025E4EA750073BB8E /* ContentView.swift */ = {isa = PBXFileReference; lastKnownFileType = sourcecode.swift; path = ContentView.swift; sourceTree = "<group>"; };
		3618A05225E4EA7F0073BB8E /* Assets.xcassets */ = {isa = PBXFileReference; lastKnownFileType = folder.assetcatalog; path = Assets.xcassets; sourceTree = "<group>"; };
		3618A05525E4EA7F0073BB8E /* Preview Assets.xcassets */ = {isa = PBXFileReference; lastKnownFileType = folder.assetcatalog; path = "Preview Assets.xcassets"; sourceTree = "<group>"; };
		3618A05725E4EA7F0073BB8E /* Info.plist */ = {isa = PBXFileReference; lastKnownFileType = text.plist.xml; path = Info.plist; sourceTree = "<group>"; };
		3618A05825E4EA7F0073BB8E /* SDSOutlineViewExample.entitlements */ = {isa = PBXFileReference; lastKnownFileType = text.plist.entitlements; path = SDSOutlineViewExample.entitlements; sourceTree = "<group>"; };
		3618A05F25E4EAFF0073BB8E /* SDSOutlineView.swift */ = {isa = PBXFileReference; lastKnownFileType = sourcecode.swift; path = SDSOutlineView.swift; sourceTree = "<group>"; };
/* End PBXFileReference section */

/* Begin PBXFrameworksBuildPhase section */
		3618A04825E4EA750073BB8E /* Frameworks */ = {
			isa = PBXFrameworksBuildPhase;
			buildActionMask = 2147483647;
			files = (
				3618A06825E4F14D0073BB8E /* SwiftUIDebugUtil in Frameworks */,
			);
			runOnlyForDeploymentPostprocessing = 0;
		};
/* End PBXFrameworksBuildPhase section */

/* Begin PBXGroup section */
		3618A04225E4EA750073BB8E = {
			isa = PBXGroup;
			children = (
				3618A04D25E4EA750073BB8E /* SDSOutlineViewExample */,
				3618A04C25E4EA750073BB8E /* Products */,
			);
			sourceTree = "<group>";
		};
		3618A04C25E4EA750073BB8E /* Products */ = {
			isa = PBXGroup;
			children = (
				3618A04B25E4EA750073BB8E /* SDSOutlineViewExample.app */,
			);
			name = Products;
			sourceTree = "<group>";
		};
		3618A04D25E4EA750073BB8E /* SDSOutlineViewExample */ = {
			isa = PBXGroup;
			children = (
				3618A04E25E4EA750073BB8E /* SDSOutlineViewExampleApp.swift */,
				3618A05025E4EA750073BB8E /* ContentView.swift */,
				3618A05225E4EA7F0073BB8E /* Assets.xcassets */,
				3618A05725E4EA7F0073BB8E /* Info.plist */,
				3618A05825E4EA7F0073BB8E /* SDSOutlineViewExample.entitlements */,
				3618A05425E4EA7F0073BB8E /* Preview Content */,
				3618A05F25E4EAFF0073BB8E /* SDSOutlineView.swift */,
			);
			path = SDSOutlineViewExample;
			sourceTree = "<group>";
		};
		3618A05425E4EA7F0073BB8E /* Preview Content */ = {
			isa = PBXGroup;
			children = (
				3618A05525E4EA7F0073BB8E /* Preview Assets.xcassets */,
			);
			path = "Preview Content";
			sourceTree = "<group>";
		};
/* End PBXGroup section */

/* Begin PBXNativeTarget section */
		3618A04A25E4EA750073BB8E /* SDSOutlineViewExample */ = {
			isa = PBXNativeTarget;
			buildConfigurationList = 3618A05B25E4EA7F0073BB8E /* Build configuration list for PBXNativeTarget "SDSOutlineViewExample" */;
			buildPhases = (
				3618A04725E4EA750073BB8E /* Sources */,
				3618A04825E4EA750073BB8E /* Frameworks */,
				3618A04925E4EA750073BB8E /* Resources */,
			);
			buildRules = (
			);
			dependencies = (
			);
			name = SDSOutlineViewExample;
			packageProductDependencies = (
				3618A06725E4F14D0073BB8E /* SwiftUIDebugUtil */,
			);
			productName = SDSOutlineViewExample;
			productReference = 3618A04B25E4EA750073BB8E /* SDSOutlineViewExample.app */;
			productType = "com.apple.product-type.application";
		};
/* End PBXNativeTarget section */

/* Begin PBXProject section */
		3618A04325E4EA750073BB8E /* Project object */ = {
			isa = PBXProject;
			attributes = {
				LastSwiftUpdateCheck = 1240;
				LastUpgradeCheck = 1240;
				TargetAttributes = {
					3618A04A25E4EA750073BB8E = {
						CreatedOnToolsVersion = 12.4;
					};
				};
			};
			buildConfigurationList = 3618A04625E4EA750073BB8E /* Build configuration list for PBXProject "SDSOutlineViewExample" */;
			compatibilityVersion = "Xcode 9.3";
			developmentRegion = en;
			hasScannedForEncodings = 0;
			knownRegions = (
				en,
				Base,
			);
			mainGroup = 3618A04225E4EA750073BB8E;
			packageReferences = (
				3618A06625E4F14D0073BB8E /* XCRemoteSwiftPackageReference "SwiftUIDebugUtil" */,
			);
			productRefGroup = 3618A04C25E4EA750073BB8E /* Products */;
			projectDirPath = "";
			projectRoot = "";
			targets = (
				3618A04A25E4EA750073BB8E /* SDSOutlineViewExample */,
			);
		};
/* End PBXProject section */

/* Begin PBXResourcesBuildPhase section */
		3618A04925E4EA750073BB8E /* Resources */ = {
			isa = PBXResourcesBuildPhase;
			buildActionMask = 2147483647;
			files = (
				3618A05625E4EA7F0073BB8E /* Preview Assets.xcassets in Resources */,
				3618A05325E4EA7F0073BB8E /* Assets.xcassets in Resources */,
			);
			runOnlyForDeploymentPostprocessing = 0;
		};
/* End PBXResourcesBuildPhase section */

/* Begin PBXSourcesBuildPhase section */
		3618A04725E4EA750073BB8E /* Sources */ = {
			isa = PBXSourcesBuildPhase;
			buildActionMask = 2147483647;
			files = (
				3618A05125E4EA750073BB8E /* ContentView.swift in Sources */,
				3618A04F25E4EA750073BB8E /* SDSOutlineViewExampleApp.swift in Sources */,
				3618A06025E4EAFF0073BB8E /* SDSOutlineView.swift in Sources */,
			);
			runOnlyForDeploymentPostprocessing = 0;
		};
/* End PBXSourcesBuildPhase section */

/* Begin XCBuildConfiguration section */
		3618A05925E4EA7F0073BB8E /* Debug */ = {
			isa = XCBuildConfiguration;
			buildSettings = {
				ALWAYS_SEARCH_USER_PATHS = NO;
				CLANG_ANALYZER_NONNULL = YES;
				CLANG_ANALYZER_NUMBER_OBJECT_CONVERSION = YES_AGGRESSIVE;
				CLANG_CXX_LANGUAGE_STANDARD = "gnu++14";
				CLANG_CXX_LIBRARY = "libc++";
				CLANG_ENABLE_MODULES = YES;
				CLANG_ENABLE_OBJC_ARC = YES;
				CLANG_ENABLE_OBJC_WEAK = YES;
				CLANG_WARN_BLOCK_CAPTURE_AUTORELEASING = YES;
				CLANG_WARN_BOOL_CONVERSION = YES;
				CLANG_WARN_COMMA = YES;
				CLANG_WARN_CONSTANT_CONVERSION = YES;
				CLANG_WARN_DEPRECATED_OBJC_IMPLEMENTATIONS = YES;
				CLANG_WARN_DIRECT_OBJC_ISA_USAGE = YES_ERROR;
				CLANG_WARN_DOCUMENTATION_COMMENTS = YES;
				CLANG_WARN_EMPTY_BODY = YES;
				CLANG_WARN_ENUM_CONVERSION = YES;
				CLANG_WARN_INFINITE_RECURSION = YES;
				CLANG_WARN_INT_CONVERSION = YES;
				CLANG_WARN_NON_LITERAL_NULL_CONVERSION = YES;
				CLANG_WARN_OBJC_IMPLICIT_RETAIN_SELF = YES;
				CLANG_WARN_OBJC_LITERAL_CONVERSION = YES;
				CLANG_WARN_OBJC_ROOT_CLASS = YES_ERROR;
				CLANG_WARN_QUOTED_INCLUDE_IN_FRAMEWORK_HEADER = YES;
				CLANG_WARN_RANGE_LOOP_ANALYSIS = YES;
				CLANG_WARN_STRICT_PROTOTYPES = YES;
				CLANG_WARN_SUSPICIOUS_MOVE = YES;
				CLANG_WARN_UNGUARDED_AVAILABILITY = YES_AGGRESSIVE;
				CLANG_WARN_UNREACHABLE_CODE = YES;
				CLANG_WARN__DUPLICATE_METHOD_MATCH = YES;
				COPY_PHASE_STRIP = NO;
				DEBUG_INFORMATION_FORMAT = dwarf;
				ENABLE_STRICT_OBJC_MSGSEND = YES;
				ENABLE_TESTABILITY = YES;
				GCC_C_LANGUAGE_STANDARD = gnu11;
				GCC_DYNAMIC_NO_PIC = NO;
				GCC_NO_COMMON_BLOCKS = YES;
				GCC_OPTIMIZATION_LEVEL = 0;
				GCC_PREPROCESSOR_DEFINITIONS = (
					"DEBUG=1",
					"$(inherited)",
				);
				GCC_WARN_64_TO_32_BIT_CONVERSION = YES;
				GCC_WARN_ABOUT_RETURN_TYPE = YES_ERROR;
				GCC_WARN_UNDECLARED_SELECTOR = YES;
				GCC_WARN_UNINITIALIZED_AUTOS = YES_AGGRESSIVE;
				GCC_WARN_UNUSED_FUNCTION = YES;
				GCC_WARN_UNUSED_VARIABLE = YES;
				MACOSX_DEPLOYMENT_TARGET = 11.1;
				MTL_ENABLE_DEBUG_INFO = INCLUDE_SOURCE;
				MTL_FAST_MATH = YES;
				ONLY_ACTIVE_ARCH = YES;
				SDKROOT = macosx;
				SWIFT_ACTIVE_COMPILATION_CONDITIONS = DEBUG;
				SWIFT_OPTIMIZATION_LEVEL = "-Onone";
			};
			name = Debug;
		};
		3618A05A25E4EA7F0073BB8E /* Release */ = {
			isa = XCBuildConfiguration;
			buildSettings = {
				ALWAYS_SEARCH_USER_PATHS = NO;
				CLANG_ANALYZER_NONNULL = YES;
				CLANG_ANALYZER_NUMBER_OBJECT_CONVERSION = YES_AGGRESSIVE;
				CLANG_CXX_LANGUAGE_STANDARD = "gnu++14";
				CLANG_CXX_LIBRARY = "libc++";
				CLANG_ENABLE_MODULES = YES;
				CLANG_ENABLE_OBJC_ARC = YES;
				CLANG_ENABLE_OBJC_WEAK = YES;
				CLANG_WARN_BLOCK_CAPTURE_AUTORELEASING = YES;
				CLANG_WARN_BOOL_CONVERSION = YES;
				CLANG_WARN_COMMA = YES;
				CLANG_WARN_CONSTANT_CONVERSION = YES;
				CLANG_WARN_DEPRECATED_OBJC_IMPLEMENTATIONS = YES;
				CLANG_WARN_DIRECT_OBJC_ISA_USAGE = YES_ERROR;
				CLANG_WARN_DOCUMENTATION_COMMENTS = YES;
				CLANG_WARN_EMPTY_BODY = YES;
				CLANG_WARN_ENUM_CONVERSION = YES;
				CLANG_WARN_INFINITE_RECURSION = YES;
				CLANG_WARN_INT_CONVERSION = YES;
				CLANG_WARN_NON_LITERAL_NULL_CONVERSION = YES;
				CLANG_WARN_OBJC_IMPLICIT_RETAIN_SELF = YES;
				CLANG_WARN_OBJC_LITERAL_CONVERSION = YES;
				CLANG_WARN_OBJC_ROOT_CLASS = YES_ERROR;
				CLANG_WARN_QUOTED_INCLUDE_IN_FRAMEWORK_HEADER = YES;
				CLANG_WARN_RANGE_LOOP_ANALYSIS = YES;
				CLANG_WARN_STRICT_PROTOTYPES = YES;
				CLANG_WARN_SUSPICIOUS_MOVE = YES;
				CLANG_WARN_UNGUARDED_AVAILABILITY = YES_AGGRESSIVE;
				CLANG_WARN_UNREACHABLE_CODE = YES;
				CLANG_WARN__DUPLICATE_METHOD_MATCH = YES;
				COPY_PHASE_STRIP = NO;
				DEBUG_INFORMATION_FORMAT = "dwarf-with-dsym";
				ENABLE_NS_ASSERTIONS = NO;
				ENABLE_STRICT_OBJC_MSGSEND = YES;
				GCC_C_LANGUAGE_STANDARD = gnu11;
				GCC_NO_COMMON_BLOCKS = YES;
				GCC_WARN_64_TO_32_BIT_CONVERSION = YES;
				GCC_WARN_ABOUT_RETURN_TYPE = YES_ERROR;
				GCC_WARN_UNDECLARED_SELECTOR = YES;
				GCC_WARN_UNINITIALIZED_AUTOS = YES_AGGRESSIVE;
				GCC_WARN_UNUSED_FUNCTION = YES;
				GCC_WARN_UNUSED_VARIABLE = YES;
				MACOSX_DEPLOYMENT_TARGET = 11.1;
				MTL_ENABLE_DEBUG_INFO = NO;
				MTL_FAST_MATH = YES;
				SDKROOT = macosx;
				SWIFT_COMPILATION_MODE = wholemodule;
				SWIFT_OPTIMIZATION_LEVEL = "-O";
			};
			name = Release;
		};
		3618A05C25E4EA7F0073BB8E /* Debug */ = {
			isa = XCBuildConfiguration;
			buildSettings = {
				ASSETCATALOG_COMPILER_APPICON_NAME = AppIcon;
				ASSETCATALOG_COMPILER_GLOBAL_ACCENT_COLOR_NAME = AccentColor;
				CODE_SIGN_ENTITLEMENTS = SDSOutlineViewExample/SDSOutlineViewExample.entitlements;
				CODE_SIGN_STYLE = Automatic;
				COMBINE_HIDPI_IMAGES = YES;
				DEVELOPMENT_ASSET_PATHS = "\"SDSOutlineViewExample/Preview Content\"";
				DEVELOPMENT_TEAM = QU378YD9WW;
				ENABLE_HARDENED_RUNTIME = YES;
				ENABLE_PREVIEWS = YES;
				INFOPLIST_FILE = SDSOutlineViewExample/Info.plist;
				LD_RUNPATH_SEARCH_PATHS = (
					"$(inherited)",
					"@executable_path/../Frameworks",
				);
				MACOSX_DEPLOYMENT_TARGET = 11.0;
				PRODUCT_BUNDLE_IDENTIFIER = com.smalldesksoftware.SDSOutlineViewExample;
				PRODUCT_NAME = "$(TARGET_NAME)";
				SWIFT_VERSION = 5.0;
			};
			name = Debug;
		};
		3618A05D25E4EA7F0073BB8E /* Release */ = {
			isa = XCBuildConfiguration;
			buildSettings = {
				ASSETCATALOG_COMPILER_APPICON_NAME = AppIcon;
				ASSETCATALOG_COMPILER_GLOBAL_ACCENT_COLOR_NAME = AccentColor;
				CODE_SIGN_ENTITLEMENTS = SDSOutlineViewExample/SDSOutlineViewExample.entitlements;
				CODE_SIGN_STYLE = Automatic;
				COMBINE_HIDPI_IMAGES = YES;
				DEVELOPMENT_ASSET_PATHS = "\"SDSOutlineViewExample/Preview Content\"";
				DEVELOPMENT_TEAM = QU378YD9WW;
				ENABLE_HARDENED_RUNTIME = YES;
				ENABLE_PREVIEWS = YES;
				INFOPLIST_FILE = SDSOutlineViewExample/Info.plist;
				LD_RUNPATH_SEARCH_PATHS = (
					"$(inherited)",
					"@executable_path/../Frameworks",
				);
				MACOSX_DEPLOYMENT_TARGET = 11.0;
				PRODUCT_BUNDLE_IDENTIFIER = com.smalldesksoftware.SDSOutlineViewExample;
				PRODUCT_NAME = "$(TARGET_NAME)";
				SWIFT_VERSION = 5.0;
			};
			name = Release;
		};
/* End XCBuildConfiguration section */

/* Begin XCConfigurationList section */
		3618A04625E4EA750073BB8E /* Build configuration list for PBXProject "SDSOutlineViewExample" */ = {
			isa = XCConfigurationList;
			buildConfigurations = (
				3618A05925E4EA7F0073BB8E /* Debug */,
				3618A05A25E4EA7F0073BB8E /* Release */,
			);
			defaultConfigurationIsVisible = 0;
			defaultConfigurationName = Release;
		};
		3618A05B25E4EA7F0073BB8E /* Build configuration list for PBXNativeTarget "SDSOutlineViewExample" */ = {
			isa = XCConfigurationList;
			buildConfigurations = (
				3618A05C25E4EA7F0073BB8E /* Debug */,
				3618A05D25E4EA7F0073BB8E /* Release */,
			);
			defaultConfigurationIsVisible = 0;
			defaultConfigurationName = Release;
		};
/* End XCConfigurationList section */

/* Begin XCRemoteSwiftPackageReference section */
		3618A06625E4F14D0073BB8E /* XCRemoteSwiftPackageReference "SwiftUIDebugUtil" */ = {
			isa = XCRemoteSwiftPackageReference;
			repositoryURL = "git@github.com:tyagishi/SwiftUIDebugUtil.git";
			requirement = {
				kind = upToNextMajorVersion;
				minimumVersion = 2.0.0;
			};
		};
/* End XCRemoteSwiftPackageReference section */

/* Begin XCSwiftPackageProductDependency section */
		3618A06725E4F14D0073BB8E /* SwiftUIDebugUtil */ = {
			isa = XCSwiftPackageProductDependency;
			package = 3618A06625E4F14D0073BB8E /* XCRemoteSwiftPackageReference "SwiftUIDebugUtil" */;
			productName = SwiftUIDebugUtil;
		};
/* End XCSwiftPackageProductDependency section */
	};
	rootObject = 3618A04325E4EA750073BB8E /* Project object */;
}
